
Microsoft Visual Studio Solution File, Format Version 12.00
# Visual Studio 14
VisualStudioVersion = 14.0.25420.1
MinimumVisualStudioVersion = 10.0.40219.1
Project("{FAE04EC0-301F-11D3-BF4B-00C04F79EFBC}") = "wcfusingunity", "wcfusingunity\wcfusingunity.csproj", "{FA4B2685-3416-469F-883D-208BC3CD23CC}"
EndProject
Project("{FAE04EC0-301F-11D3-BF4B-00C04F79EFBC}") = "UnitTests", "UnitTests\UnitTests.csproj", "{B8520DDA-C20B-41DB-B7F5-9B491FF77E21}"
EndProject
Project("{FAE04EC0-301F-11D3-BF4B-00C04F79EFBC}") = "IntegrationTests", "IntegrationTests\IntegrationTests.csproj", "{FCC8E4B8-3FA3-4DBC-89C9-4F521F976438}"
	ProjectSection(ProjectDependencies) = postProject
		{FA4B2685-3416-469F-883D-208BC3CD23CC} = {FA4B2685-3416-469F-883D-208BC3CD23CC}
	EndProjectSection
EndProject
Global
	GlobalSection(SolutionConfigurationPlatforms) = preSolution
		Debug|Any CPU = Debug|Any CPU
		Release|Any CPU = Release|Any CPU
	EndGlobalSection
	GlobalSection(ProjectConfigurationPlatforms) = postSolution
		{FA4B2685-3416-469F-883D-208BC3CD23CC}.Debug|Any CPU.ActiveCfg = Debug|Any CPU
		{FA4B2685-3416-469F-883D-208BC3CD23CC}.Debug|Any CPU.Build.0 = Debug|Any CPU
		{FA4B2685-3416-469F-883D-208BC3CD23CC}.Release|Any CPU.ActiveCfg = Release|Any CPU
		{FA4B2685-3416-469F-883D-208BC3CD23CC}.Release|Any CPU.Build.0 = Release|Any CPU
		{B8520DDA-C20B-41DB-B7F5-9B491FF77E21}.Debug|Any CPU.ActiveCfg = Debug|Any CPU
		{B8520DDA-C20B-41DB-B7F5-9B491FF77E21}.Debug|Any CPU.Build.0 = Debug|Any CPU
		{B8520DDA-C20B-41DB-B7F5-9B491FF77E21}.Release|Any CPU.ActiveCfg = Release|Any CPU
		{B8520DDA-C20B-41DB-B7F5-9B491FF77E21}.Release|Any CPU.Build.0 = Release|Any CPU
		{FCC8E4B8-3FA3-4DBC-89C9-4F521F976438}.Debug|Any CPU.ActiveCfg = Debug|Any CPU
		{FCC8E4B8-3FA3-4DBC-89C9-4F521F976438}.Debug|Any CPU.Build.0 = Debug|Any CPU
		{FCC8E4B8-3FA3-4DBC-89C9-4F521F976438}.Release|Any CPU.ActiveCfg = Release|Any CPU
		{FCC8E4B8-3FA3-4DBC-89C9-4F521F976438}.Release|Any CPU.Build.0 = Release|Any CPU
	EndGlobalSection
	GlobalSection(SolutionProperties) = preSolution
		HideSolutionNode = FALSE
	EndGlobalSection
EndGlobal
